
Microsoft Visual Studio Solution File, Format Version 12.00
# Visual Studio Version 17
VisualStudioVersion = 17.1.32407.343
MinimumVisualStudioVersion = 10.0.40219.1
Project("{888888A0-9F3D-457C-B088-3A5042F75D52}") = "Plotting1DFunctions", "Plotting1DFunctions.pyproj", "{0944BA96-7305-41EF-978C-5BCEB4FD1084}"
EndProject
Global
	GlobalSection(SolutionConfigurationPlatforms) = preSolution
		Debug|Any CPU = Debug|Any CPU
		Release|Any CPU = Release|Any CPU
	EndGlobalSection
	GlobalSection(ProjectConfigurationPlatforms) = postSolution
		{0944BA96-7305-41EF-978C-5BCEB4FD1084}.Debug|Any CPU.ActiveCfg = Debug|Any CPU
		{0944BA96-7305-41EF-978C-5BCEB4FD1084}.Release|Any CPU.ActiveCfg = Release|Any CPU
	EndGlobalSection
	GlobalSection(SolutionProperties) = preSolution
		HideSolutionNode = FALSE
	EndGlobalSection
	GlobalSection(ExtensibilityGlobals) = postSolution
		SolutionGuid = {E2904156-A2D6-4DE4-8ACA-AF7229F6F918}
	EndGlobalSection
EndGlobal
